
Microsoft Visual Studio Solution File, Format Version 12.00
# Visual Studio Version 17
VisualStudioVersion = 17.6.33829.357
MinimumVisualStudioVersion = 10.0.40219.1
Project("{FAE04EC0-301F-11D3-BF4B-00C04F79EFBC}") = "DatabaseConnect", "DatabaseConnect.csproj", "{C563A8B5-4E72-484B-AE44-6BED24CE6240}"
EndProject
Global
	GlobalSection(SolutionConfigurationPlatforms) = preSolution
		Debug|Any CPU = Debug|Any CPU
		Release|Any CPU = Release|Any CPU
	EndGlobalSection
	GlobalSection(ProjectConfigurationPlatforms) = postSolution
		{C563A8B5-4E72-484B-AE44-6BED24CE6240}.Debug|Any CPU.ActiveCfg = Debug|Any CPU
		{C563A8B5-4E72-484B-AE44-6BED24CE6240}.Debug|Any CPU.Build.0 = Debug|Any CPU
		{C563A8B5-4E72-484B-AE44-6BED24CE6240}.Release|Any CPU.ActiveCfg = Release|Any CPU
		{C563A8B5-4E72-484B-AE44-6BED24CE6240}.Release|Any CPU.Build.0 = Release|Any CPU
	EndGlobalSection
	GlobalSection(SolutionProperties) = preSolution
		HideSolutionNode = FALSE
	EndGlobalSection
	GlobalSection(ExtensibilityGlobals) = postSolution
		SolutionGuid = {BA47789C-DFDD-40EB-8250-FEF3197BACAF}
	EndGlobalSection
EndGlobal
